// !$*UTF8*$!
{
	archiveVersion = 1;
	classes = {
	};
	objectVersion = 55;
	objects = {

/* Begin PBXBuildFile section */
		8AF03E2F288FDDEF00C77DA1 /* AppDelegate.swift in Sources */ = {isa = PBXBuildFile; fileRef = 8AF03E2E288FDDEF00C77DA1 /* AppDelegate.swift */; };
		8AF03E31288FDDEF00C77DA1 /* SceneDelegate.swift in Sources */ = {isa = PBXBuildFile; fileRef = 8AF03E30288FDDEF00C77DA1 /* SceneDelegate.swift */; };
		8AF03E33288FDDEF00C77DA1 /* ViewController.swift in Sources */ = {isa = PBXBuildFile; fileRef = 8AF03E32288FDDEF00C77DA1 /* ViewController.swift */; };
		8AF03E36288FDDEF00C77DA1 /* Main.storyboard in Resources */ = {isa = PBXBuildFile; fileRef = 8AF03E34288FDDEF00C77DA1 /* Main.storyboard */; };
		8AF03E38288FDDF000C77DA1 /* Assets.xcassets in Resources */ = {isa = PBXBuildFile; fileRef = 8AF03E37288FDDF000C77DA1 /* Assets.xcassets */; };
		8AF03E3B288FDDF000C77DA1 /* LaunchScreen.storyboard in Resources */ = {isa = PBXBuildFile; fileRef = 8AF03E39288FDDF000C77DA1 /* LaunchScreen.storyboard */; };
		8AF03E46288FDDF000C77DA1 /* RxReminderTests.swift in Sources */ = {isa = PBXBuildFile; fileRef = 8AF03E45288FDDF000C77DA1 /* RxReminderTests.swift */; };
		8AF03E50288FDDF000C77DA1 /* RxReminderUITests.swift in Sources */ = {isa = PBXBuildFile; fileRef = 8AF03E4F288FDDF000C77DA1 /* RxReminderUITests.swift */; };
		8AF03E52288FDDF000C77DA1 /* RxReminderUITestsLaunchTests.swift in Sources */ = {isa = PBXBuildFile; fileRef = 8AF03E51288FDDF000C77DA1 /* RxReminderUITestsLaunchTests.swift */; };
/* End PBXBuildFile section */

/* Begin PBXContainerItemProxy section */
		8AF03E42288FDDF000C77DA1 /* PBXContainerItemProxy */ = {
			isa = PBXContainerItemProxy;
			containerPortal = 8AF03E23288FDDEF00C77DA1 /* Project object */;
			proxyType = 1;
			remoteGlobalIDString = 8AF03E2A288FDDEF00C77DA1;
			remoteInfo = RxReminder;
		};
		8AF03E4C288FDDF000C77DA1 /* PBXContainerItemProxy */ = {
			isa = PBXContainerItemProxy;
			containerPortal = 8AF03E23288FDDEF00C77DA1 /* Project object */;
			proxyType = 1;
			remoteGlobalIDString = 8AF03E2A288FDDEF00C77DA1;
			remoteInfo = RxReminder;
		};
/* End PBXContainerItemProxy section */

/* Begin PBXFileReference section */
		8AF03E2B288FDDEF00C77DA1 /* RxReminder.app */ = {isa = PBXFileReference; explicitFileType = wrapper.application; includeInIndex = 0; path = RxReminder.app; sourceTree = BUILT_PRODUCTS_DIR; };
		8AF03E2E288FDDEF00C77DA1 /* AppDelegate.swift */ = {isa = PBXFileReference; lastKnownFileType = sourcecode.swift; path = AppDelegate.swift; sourceTree = "<group>"; };
		8AF03E30288FDDEF00C77DA1 /* SceneDelegate.swift */ = {isa = PBXFileReference; lastKnownFileType = sourcecode.swift; path = SceneDelegate.swift; sourceTree = "<group>"; };
		8AF03E32288FDDEF00C77DA1 /* ViewController.swift */ = {isa = PBXFileReference; lastKnownFileType = sourcecode.swift; path = ViewController.swift; sourceTree = "<group>"; };
		8AF03E35288FDDEF00C77DA1 /* Base */ = {isa = PBXFileReference; lastKnownFileType = file.storyboard; name = Base; path = Base.lproj/Main.storyboard; sourceTree = "<group>"; };
		8AF03E37288FDDF000C77DA1 /* Assets.xcassets */ = {isa = PBXFileReference; lastKnownFileType = folder.assetcatalog; path = Assets.xcassets; sourceTree = "<group>"; };
		8AF03E3A288FDDF000C77DA1 /* Base */ = {isa = PBXFileReference; lastKnownFileType = file.storyboard; name = Base; path = Base.lproj/LaunchScreen.storyboard; sourceTree = "<group>"; };
		8AF03E3C288FDDF000C77DA1 /* Info.plist */ = {isa = PBXFileReference; lastKnownFileType = text.plist.xml; path = Info.plist; sourceTree = "<group>"; };
		8AF03E41288FDDF000C77DA1 /* RxReminderTests.xctest */ = {isa = PBXFileReference; explicitFileType = wrapper.cfbundle; includeInIndex = 0; path = RxReminderTests.xctest; sourceTree = BUILT_PRODUCTS_DIR; };
		8AF03E45288FDDF000C77DA1 /* RxReminderTests.swift */ = {isa = PBXFileReference; lastKnownFileType = sourcecode.swift; path = RxReminderTests.swift; sourceTree = "<group>"; };
		8AF03E4B288FDDF000C77DA1 /* RxReminderUITests.xctest */ = {isa = PBXFileReference; explicitFileType = wrapper.cfbundle; includeInIndex = 0; path = RxReminderUITests.xctest; sourceTree = BUILT_PRODUCTS_DIR; };
		8AF03E4F288FDDF000C77DA1 /* RxReminderUITests.swift */ = {isa = PBXFileReference; lastKnownFileType = sourcecode.swift; path = RxReminderUITests.swift; sourceTree = "<group>"; };
		8AF03E51288FDDF000C77DA1 /* RxReminderUITestsLaunchTests.swift */ = {isa = PBXFileReference; lastKnownFileType = sourcecode.swift; path = RxReminderUITestsLaunchTests.swift; sourceTree = "<group>"; };
/* End PBXFileReference section */

/* Begin PBXFrameworksBuildPhase section */
		8AF03E28288FDDEF00C77DA1 /* Frameworks */ = {
			isa = PBXFrameworksBuildPhase;
			buildActionMask = 2147483647;
			files = (
			);
			runOnlyForDeploymentPostprocessing = 0;
		};
		8AF03E3E288FDDF000C77DA1 /* Frameworks */ = {
			isa = PBXFrameworksBuildPhase;
			buildActionMask = 2147483647;
			files = (
			);
			runOnlyForDeploymentPostprocessing = 0;
		};
		8AF03E48288FDDF000C77DA1 /* Frameworks */ = {
			isa = PBXFrameworksBuildPhase;
			buildActionMask = 2147483647;
			files = (
			);
			runOnlyForDeploymentPostprocessing = 0;
		};
/* End PBXFrameworksBuildPhase section */

/* Begin PBXGroup section */
		8AF03E22288FDDEF00C77DA1 = {
			isa = PBXGroup;
			children = (
				8AF03E2D288FDDEF00C77DA1 /* RxReminder */,
				8AF03E44288FDDF000C77DA1 /* RxReminderTests */,
				8AF03E4E288FDDF000C77DA1 /* RxReminderUITests */,
				8AF03E2C288FDDEF00C77DA1 /* Products */,
			);
			sourceTree = "<group>";
		};
		8AF03E2C288FDDEF00C77DA1 /* Products */ = {
			isa = PBXGroup;
			children = (
				8AF03E2B288FDDEF00C77DA1 /* RxReminder.app */,
				8AF03E41288FDDF000C77DA1 /* RxReminderTests.xctest */,
				8AF03E4B288FDDF000C77DA1 /* RxReminderUITests.xctest */,
			);
			name = Products;
			sourceTree = "<group>";
		};
		8AF03E2D288FDDEF00C77DA1 /* RxReminder */ = {
			isa = PBXGroup;
			children = (
				8AF03E2E288FDDEF00C77DA1 /* AppDelegate.swift */,
				8AF03E30288FDDEF00C77DA1 /* SceneDelegate.swift */,
				8AF03E32288FDDEF00C77DA1 /* ViewController.swift */,
				8AF03E34288FDDEF00C77DA1 /* Main.storyboard */,
				8AF03E37288FDDF000C77DA1 /* Assets.xcassets */,
				8AF03E39288FDDF000C77DA1 /* LaunchScreen.storyboard */,
				8AF03E3C288FDDF000C77DA1 /* Info.plist */,
			);
			path = RxReminder;
			sourceTree = "<group>";
		};
		8AF03E44288FDDF000C77DA1 /* RxReminderTests */ = {
			isa = PBXGroup;
			children = (
				8AF03E45288FDDF000C77DA1 /* RxReminderTests.swift */,
			);
			path = RxReminderTests;
			sourceTree = "<group>";
		};
		8AF03E4E288FDDF000C77DA1 /* RxReminderUITests */ = {
			isa = PBXGroup;
			children = (
				8AF03E4F288FDDF000C77DA1 /* RxReminderUITests.swift */,
				8AF03E51288FDDF000C77DA1 /* RxReminderUITestsLaunchTests.swift */,
			);
			path = RxReminderUITests;
			sourceTree = "<group>";
		};
/* End PBXGroup section */

/* Begin PBXNativeTarget section */
		8AF03E2A288FDDEF00C77DA1 /* RxReminder */ = {
			isa = PBXNativeTarget;
			buildConfigurationList = 8AF03E55288FDDF000C77DA1 /* Build configuration list for PBXNativeTarget "RxReminder" */;
			buildPhases = (
				8AF03E27288FDDEF00C77DA1 /* Sources */,
				8AF03E28288FDDEF00C77DA1 /* Frameworks */,
				8AF03E29288FDDEF00C77DA1 /* Resources */,
			);
			buildRules = (
			);
			dependencies = (
			);
			name = RxReminder;
			productName = RxReminder;
			productReference = 8AF03E2B288FDDEF00C77DA1 /* RxReminder.app */;
			productType = "com.apple.product-type.application";
		};
		8AF03E40288FDDF000C77DA1 /* RxReminderTests */ = {
			isa = PBXNativeTarget;
			buildConfigurationList = 8AF03E58288FDDF000C77DA1 /* Build configuration list for PBXNativeTarget "RxReminderTests" */;
			buildPhases = (
				8AF03E3D288FDDF000C77DA1 /* Sources */,
				8AF03E3E288FDDF000C77DA1 /* Frameworks */,
				8AF03E3F288FDDF000C77DA1 /* Resources */,
			);
			buildRules = (
			);
			dependencies = (
				8AF03E43288FDDF000C77DA1 /* PBXTargetDependency */,
			);
			name = RxReminderTests;
			productName = RxReminderTests;
			productReference = 8AF03E41288FDDF000C77DA1 /* RxReminderTests.xctest */;
			productType = "com.apple.product-type.bundle.unit-test";
		};
		8AF03E4A288FDDF000C77DA1 /* RxReminderUITests */ = {
			isa = PBXNativeTarget;
			buildConfigurationList = 8AF03E5B288FDDF000C77DA1 /* Build configuration list for PBXNativeTarget "RxReminderUITests" */;
			buildPhases = (
				8AF03E47288FDDF000C77DA1 /* Sources */,
				8AF03E48288FDDF000C77DA1 /* Frameworks */,
				8AF03E49288FDDF000C77DA1 /* Resources */,
			);
			buildRules = (
			);
			dependencies = (
				8AF03E4D288FDDF000C77DA1 /* PBXTargetDependency */,
			);
			name = RxReminderUITests;
			productName = RxReminderUITests;
			productReference = 8AF03E4B288FDDF000C77DA1 /* RxReminderUITests.xctest */;
			productType = "com.apple.product-type.bundle.ui-testing";
		};
/* End PBXNativeTarget section */

/* Begin PBXProject section */
		8AF03E23288FDDEF00C77DA1 /* Project object */ = {
			isa = PBXProject;
			attributes = {
				BuildIndependentTargetsInParallel = 1;
				LastSwiftUpdateCheck = 1320;
				LastUpgradeCheck = 1320;
				TargetAttributes = {
					8AF03E2A288FDDEF00C77DA1 = {
						CreatedOnToolsVersion = 13.2.1;
					};
					8AF03E40288FDDF000C77DA1 = {
						CreatedOnToolsVersion = 13.2.1;
						TestTargetID = 8AF03E2A288FDDEF00C77DA1;
					};
					8AF03E4A288FDDF000C77DA1 = {
						CreatedOnToolsVersion = 13.2.1;
						TestTargetID = 8AF03E2A288FDDEF00C77DA1;
					};
				};
			};
			buildConfigurationList = 8AF03E26288FDDEF00C77DA1 /* Build configuration list for PBXProject "RxReminder" */;
			compatibilityVersion = "Xcode 13.0";
			developmentRegion = en;
			hasScannedForEncodings = 0;
			knownRegions = (
				en,
				Base,
			);
			mainGroup = 8AF03E22288FDDEF00C77DA1;
			productRefGroup = 8AF03E2C288FDDEF00C77DA1 /* Products */;
			projectDirPath = "";
			projectRoot = "";
			targets = (
				8AF03E2A288FDDEF00C77DA1 /* RxReminder */,
				8AF03E40288FDDF000C77DA1 /* RxReminderTests */,
				8AF03E4A288FDDF000C77DA1 /* RxReminderUITests */,
			);
		};
/* End PBXProject section */

/* Begin PBXResourcesBuildPhase section */
		8AF03E29288FDDEF00C77DA1 /* Resources */ = {
			isa = PBXResourcesBuildPhase;
			buildActionMask = 2147483647;
			files = (
				8AF03E3B288FDDF000C77DA1 /* LaunchScreen.storyboard in Resources */,
				8AF03E38288FDDF000C77DA1 /* Assets.xcassets in Resources */,
				8AF03E36288FDDEF00C77DA1 /* Main.storyboard in Resources */,
			);
			runOnlyForDeploymentPostprocessing = 0;
		};
		8AF03E3F288FDDF000C77DA1 /* Resources */ = {
			isa = PBXResourcesBuildPhase;
			buildActionMask = 2147483647;
			files = (
			);
			runOnlyForDeploymentPostprocessing = 0;
		};
		8AF03E49288FDDF000C77DA1 /* Resources */ = {
			isa = PBXResourcesBuildPhase;
			buildActionMask = 2147483647;
			files = (
			);
			runOnlyForDeploymentPostprocessing = 0;
		};
/* End PBXResourcesBuildPhase section */

/* Begin PBXSourcesBuildPhase section */
		8AF03E27288FDDEF00C77DA1 /* Sources */ = {
			isa = PBXSourcesBuildPhase;
			buildActionMask = 2147483647;
			files = (
				8AF03E33288FDDEF00C77DA1 /* ViewController.swift in Sources */,
				8AF03E2F288FDDEF00C77DA1 /* AppDelegate.swift in Sources */,
				8AF03E31288FDDEF00C77DA1 /* SceneDelegate.swift in Sources */,
			);
			runOnlyForDeploymentPostprocessing = 0;
		};
		8AF03E3D288FDDF000C77DA1 /* Sources */ = {
			isa = PBXSourcesBuildPhase;
			buildActionMask = 2147483647;
			files = (
				8AF03E46288FDDF000C77DA1 /* RxReminderTests.swift in Sources */,
			);
			runOnlyForDeploymentPostprocessing = 0;
		};
		8AF03E47288FDDF000C77DA1 /* Sources */ = {
			isa = PBXSourcesBuildPhase;
			buildActionMask = 2147483647;
			files = (
				8AF03E52288FDDF000C77DA1 /* RxReminderUITestsLaunchTests.swift in Sources */,
				8AF03E50288FDDF000C77DA1 /* RxReminderUITests.swift in Sources */,
			);
			runOnlyForDeploymentPostprocessing = 0;
		};
/* End PBXSourcesBuildPhase section */

/* Begin PBXTargetDependency section */
		8AF03E43288FDDF000C77DA1 /* PBXTargetDependency */ = {
			isa = PBXTargetDependency;
			target = 8AF03E2A288FDDEF00C77DA1 /* RxReminder */;
			targetProxy = 8AF03E42288FDDF000C77DA1 /* PBXContainerItemProxy */;
		};
		8AF03E4D288FDDF000C77DA1 /* PBXTargetDependency */ = {
			isa = PBXTargetDependency;
			target = 8AF03E2A288FDDEF00C77DA1 /* RxReminder */;
			targetProxy = 8AF03E4C288FDDF000C77DA1 /* PBXContainerItemProxy */;
		};
/* End PBXTargetDependency section */

/* Begin PBXVariantGroup section */
		8AF03E34288FDDEF00C77DA1 /* Main.storyboard */ = {
			isa = PBXVariantGroup;
			children = (
				8AF03E35288FDDEF00C77DA1 /* Base */,
			);
			name = Main.storyboard;
			sourceTree = "<group>";
		};
		8AF03E39288FDDF000C77DA1 /* LaunchScreen.storyboard */ = {
			isa = PBXVariantGroup;
			children = (
				8AF03E3A288FDDF000C77DA1 /* Base */,
			);
			name = LaunchScreen.storyboard;
			sourceTree = "<group>";
		};
/* End PBXVariantGroup section */

/* Begin XCBuildConfiguration section */
		8AF03E53288FDDF000C77DA1 /* Debug */ = {
			isa = XCBuildConfiguration;
			buildSettings = {
				ALWAYS_SEARCH_USER_PATHS = NO;
				CLANG_ANALYZER_NONNULL = YES;
				CLANG_ANALYZER_NUMBER_OBJECT_CONVERSION = YES_AGGRESSIVE;
				CLANG_CXX_LANGUAGE_STANDARD = "gnu++17";
				CLANG_CXX_LIBRARY = "libc++";
				CLANG_ENABLE_MODULES = YES;
				CLANG_ENABLE_OBJC_ARC = YES;
				CLANG_ENABLE_OBJC_WEAK = YES;
				CLANG_WARN_BLOCK_CAPTURE_AUTORELEASING = YES;
				CLANG_WARN_BOOL_CONVERSION = YES;
				CLANG_WARN_COMMA = YES;
				CLANG_WARN_CONSTANT_CONVERSION = YES;
				CLANG_WARN_DEPRECATED_OBJC_IMPLEMENTATIONS = YES;
				CLANG_WARN_DIRECT_OBJC_ISA_USAGE = YES_ERROR;
				CLANG_WARN_DOCUMENTATION_COMMENTS = YES;
				CLANG_WARN_EMPTY_BODY = YES;
				CLANG_WARN_ENUM_CONVERSION = YES;
				CLANG_WARN_INFINITE_RECURSION = YES;
				CLANG_WARN_INT_CONVERSION = YES;
				CLANG_WARN_NON_LITERAL_NULL_CONVERSION = YES;
				CLANG_WARN_OBJC_IMPLICIT_RETAIN_SELF = YES;
				CLANG_WARN_OBJC_LITERAL_CONVERSION = YES;
				CLANG_WARN_OBJC_ROOT_CLASS = YES_ERROR;
				CLANG_WARN_QUOTED_INCLUDE_IN_FRAMEWORK_HEADER = YES;
				CLANG_WARN_RANGE_LOOP_ANALYSIS = YES;
				CLANG_WARN_STRICT_PROTOTYPES = YES;
				CLANG_WARN_SUSPICIOUS_MOVE = YES;
				CLANG_WARN_UNGUARDED_AVAILABILITY = YES_AGGRESSIVE;
				CLANG_WARN_UNREACHABLE_CODE = YES;
				CLANG_WARN__DUPLICATE_METHOD_MATCH = YES;
				COPY_PHASE_STRIP = NO;
				DEBUG_INFORMATION_FORMAT = dwarf;
				ENABLE_STRICT_OBJC_MSGSEND = YES;
				ENABLE_TESTABILITY = YES;
				GCC_C_LANGUAGE_STANDARD = gnu11;
				GCC_DYNAMIC_NO_PIC = NO;
				GCC_NO_COMMON_BLOCKS = YES;
				GCC_OPTIMIZATION_LEVEL = 0;
				GCC_PREPROCESSOR_DEFINITIONS = (
					"DEBUG=1",
					"$(inherited)",
				);
				GCC_WARN_64_TO_32_BIT_CONVERSION = YES;
				GCC_WARN_ABOUT_RETURN_TYPE = YES_ERROR;
				GCC_WARN_UNDECLARED_SELECTOR = YES;
				GCC_WARN_UNINITIALIZED_AUTOS = YES_AGGRESSIVE;
				GCC_WARN_UNUSED_FUNCTION = YES;
				GCC_WARN_UNUSED_VARIABLE = YES;
				IPHONEOS_DEPLOYMENT_TARGET = 15.2;
				MTL_ENABLE_DEBUG_INFO = INCLUDE_SOURCE;
				MTL_FAST_MATH = YES;
				ONLY_ACTIVE_ARCH = YES;
				SDKROOT = iphoneos;
				SWIFT_ACTIVE_COMPILATION_CONDITIONS = DEBUG;
				SWIFT_OPTIMIZATION_LEVEL = "-Onone";
			};
			name = Debug;
		};
		8AF03E54288FDDF000C77DA1 /* Release */ = {
			isa = XCBuildConfiguration;
			buildSettings = {
				ALWAYS_SEARCH_USER_PATHS = NO;
				CLANG_ANALYZER_NONNULL = YES;
				CLANG_ANALYZER_NUMBER_OBJECT_CONVERSION = YES_AGGRESSIVE;
				CLANG_CXX_LANGUAGE_STANDARD = "gnu++17";
				CLANG_CXX_LIBRARY = "libc++";
				CLANG_ENABLE_MODULES = YES;
				CLANG_ENABLE_OBJC_ARC = YES;
				CLANG_ENABLE_OBJC_WEAK = YES;
				CLANG_WARN_BLOCK_CAPTURE_AUTORELEASING = YES;
				CLANG_WARN_BOOL_CONVERSION = YES;
				CLANG_WARN_COMMA = YES;
				CLANG_WARN_CONSTANT_CONVERSION = YES;
				CLANG_WARN_DEPRECATED_OBJC_IMPLEMENTATIONS = YES;
				CLANG_WARN_DIRECT_OBJC_ISA_USAGE = YES_ERROR;
				CLANG_WARN_DOCUMENTATION_COMMENTS = YES;
				CLANG_WARN_EMPTY_BODY = YES;
				CLANG_WARN_ENUM_CONVERSION = YES;
				CLANG_WARN_INFINITE_RECURSION = YES;
				CLANG_WARN_INT_CONVERSION = YES;
				CLANG_WARN_NON_LITERAL_NULL_CONVERSION = YES;
				CLANG_WARN_OBJC_IMPLICIT_RETAIN_SELF = YES;
				CLANG_WARN_OBJC_LITERAL_CONVERSION = YES;
				CLANG_WARN_OBJC_ROOT_CLASS = YES_ERROR;
				CLANG_WARN_QUOTED_INCLUDE_IN_FRAMEWORK_HEADER = YES;
				CLANG_WARN_RANGE_LOOP_ANALYSIS = YES;
				CLANG_WARN_STRICT_PROTOTYPES = YES;
				CLANG_WARN_SUSPICIOUS_MOVE = YES;
				CLANG_WARN_UNGUARDED_AVAILABILITY = YES_AGGRESSIVE;
				CLANG_WARN_UNREACHABLE_CODE = YES;
				CLANG_WARN__DUPLICATE_METHOD_MATCH = YES;
				COPY_PHASE_STRIP = NO;
				DEBUG_INFORMATION_FORMAT = "dwarf-with-dsym";
				ENABLE_NS_ASSERTIONS = NO;
				ENABLE_STRICT_OBJC_MSGSEND = YES;
				GCC_C_LANGUAGE_STANDARD = gnu11;
				GCC_NO_COMMON_BLOCKS = YES;
				GCC_WARN_64_TO_32_BIT_CONVERSION = YES;
				GCC_WARN_ABOUT_RETURN_TYPE = YES_ERROR;
				GCC_WARN_UNDECLARED_SELECTOR = YES;
				GCC_WARN_UNINITIALIZED_AUTOS = YES_AGGRESSIVE;
				GCC_WARN_UNUSED_FUNCTION = YES;
				GCC_WARN_UNUSED_VARIABLE = YES;
				IPHONEOS_DEPLOYMENT_TARGET = 15.2;
				MTL_ENABLE_DEBUG_INFO = NO;
				MTL_FAST_MATH = YES;
				SDKROOT = iphoneos;
				SWIFT_COMPILATION_MODE = wholemodule;
				SWIFT_OPTIMIZATION_LEVEL = "-O";
				VALIDATE_PRODUCT = YES;
			};
			name = Release;
		};
		8AF03E56288FDDF000C77DA1 /* Debug */ = {
			isa = XCBuildConfiguration;
			buildSettings = {
				ASSETCATALOG_COMPILER_APPICON_NAME = AppIcon;
				ASSETCATALOG_COMPILER_GLOBAL_ACCENT_COLOR_NAME = AccentColor;
				CODE_SIGN_STYLE = Automatic;
				CURRENT_PROJECT_VERSION = 1;
				DEVELOPMENT_TEAM = 368CA38745;
				GENERATE_INFOPLIST_FILE = YES;
				INFOPLIST_FILE = RxReminder/Info.plist;
				INFOPLIST_KEY_UIApplicationSupportsIndirectInputEvents = YES;
				INFOPLIST_KEY_UILaunchStoryboardName = LaunchScreen;
				INFOPLIST_KEY_UIMainStoryboardFile = Main;
				INFOPLIST_KEY_UISupportedInterfaceOrientations_iPad = "UIInterfaceOrientationPortrait UIInterfaceOrientationPortraitUpsideDown UIInterfaceOrientationLandscapeLeft UIInterfaceOrientationLandscapeRight";
				INFOPLIST_KEY_UISupportedInterfaceOrientations_iPhone = "UIInterfaceOrientationPortrait UIInterfaceOrientationLandscapeLeft UIInterfaceOrientationLandscapeRight";
				LD_RUNPATH_SEARCH_PATHS = (
					"$(inherited)",
					"@executable_path/Frameworks",
				);
				MARKETING_VERSION = 1.0;
				PRODUCT_BUNDLE_IDENTIFIER = ocltp.RxReminder;
				PRODUCT_NAME = "$(TARGET_NAME)";
				SWIFT_EMIT_LOC_STRINGS = YES;
				SWIFT_VERSION = 5.0;
				TARGETED_DEVICE_FAMILY = "1,2";
			};
			name = Debug;
		};
		8AF03E57288FDDF000C77DA1 /* Release */ = {
			isa = XCBuildConfiguration;
			buildSettings = {
				ASSETCATALOG_COMPILER_APPICON_NAME = AppIcon;
				ASSETCATALOG_COMPILER_GLOBAL_ACCENT_COLOR_NAME = AccentColor;
				CODE_SIGN_STYLE = Automatic;
				CURRENT_PROJECT_VERSION = 1;
				DEVELOPMENT_TEAM = 368CA38745;
				GENERATE_INFOPLIST_FILE = YES;
				INFOPLIST_FILE = RxReminder/Info.plist;
				INFOPLIST_KEY_UIApplicationSupportsIndirectInputEvents = YES;
				INFOPLIST_KEY_UILaunchStoryboardName = LaunchScreen;
				INFOPLIST_KEY_UIMainStoryboardFile = Main;
				INFOPLIST_KEY_UISupportedInterfaceOrientations_iPad = "UIInterfaceOrientationPortrait UIInterfaceOrientationPortraitUpsideDown UIInterfaceOrientationLandscapeLeft UIInterfaceOrientationLandscapeRight";
				INFOPLIST_KEY_UISupportedInterfaceOrientations_iPhone = "UIInterfaceOrientationPortrait UIInterfaceOrientationLandscapeLeft UIInterfaceOrientationLandscapeRight";
				LD_RUNPATH_SEARCH_PATHS = (
					"$(inherited)",
					"@executable_path/Frameworks",
				);
				MARKETING_VERSION = 1.0;
				PRODUCT_BUNDLE_IDENTIFIER = ocltp.RxReminder;
				PRODUCT_NAME = "$(TARGET_NAME)";
				SWIFT_EMIT_LOC_STRINGS = YES;
				SWIFT_VERSION = 5.0;
				TARGETED_DEVICE_FAMILY = "1,2";
			};
			name = Release;
		};
		8AF03E59288FDDF000C77DA1 /* Debug */ = {
			isa = XCBuildConfiguration;
			buildSettings = {
				ALWAYS_EMBED_SWIFT_STANDARD_LIBRARIES = YES;
				BUNDLE_LOADER = "$(TEST_HOST)";
				CODE_SIGN_STYLE = Automatic;
				CURRENT_PROJECT_VERSION = 1;
				DEVELOPMENT_TEAM = 368CA38745;
				GENERATE_INFOPLIST_FILE = YES;
				IPHONEOS_DEPLOYMENT_TARGET = 15.2;
				MARKETING_VERSION = 1.0;
				PRODUCT_BUNDLE_IDENTIFIER = ocltp.RxReminderTests;
				PRODUCT_NAME = "$(TARGET_NAME)";
				SWIFT_EMIT_LOC_STRINGS = NO;
				SWIFT_VERSION = 5.0;
				TARGETED_DEVICE_FAMILY = "1,2";
				TEST_HOST = "$(BUILT_PRODUCTS_DIR)/RxReminder.app/RxReminder";
			};
			name = Debug;
		};
		8AF03E5A288FDDF000C77DA1 /* Release */ = {
			isa = XCBuildConfiguration;
			buildSettings = {
				ALWAYS_EMBED_SWIFT_STANDARD_LIBRARIES = YES;
				BUNDLE_LOADER = "$(TEST_HOST)";
				CODE_SIGN_STYLE = Automatic;
				CURRENT_PROJECT_VERSION = 1;
				DEVELOPMENT_TEAM = 368CA38745;
				GENERATE_INFOPLIST_FILE = YES;
				IPHONEOS_DEPLOYMENT_TARGET = 15.2;
				MARKETING_VERSION = 1.0;
				PRODUCT_BUNDLE_IDENTIFIER = ocltp.RxReminderTests;
				PRODUCT_NAME = "$(TARGET_NAME)";
				SWIFT_EMIT_LOC_STRINGS = NO;
				SWIFT_VERSION = 5.0;
				TARGETED_DEVICE_FAMILY = "1,2";
				TEST_HOST = "$(BUILT_PRODUCTS_DIR)/RxReminder.app/RxReminder";
			};
			name = Release;
		};
		8AF03E5C288FDDF000C77DA1 /* Debug */ = {
			isa = XCBuildConfiguration;
			buildSettings = {
				ALWAYS_EMBED_SWIFT_STANDARD_LIBRARIES = YES;
				CODE_SIGN_STYLE = Automatic;
				CURRENT_PROJECT_VERSION = 1;
				DEVELOPMENT_TEAM = 368CA38745;
				GENERATE_INFOPLIST_FILE = YES;
				MARKETING_VERSION = 1.0;
				PRODUCT_BUNDLE_IDENTIFIER = ocltp.RxReminderUITests;
				PRODUCT_NAME = "$(TARGET_NAME)";
				SWIFT_EMIT_LOC_STRINGS = NO;
				SWIFT_VERSION = 5.0;
				TARGETED_DEVICE_FAMILY = "1,2";
				TEST_TARGET_NAME = RxReminder;
			};
			name = Debug;
		};
		8AF03E5D288FDDF000C77DA1 /* Release */ = {
			isa = XCBuildConfiguration;
			buildSettings = {
				ALWAYS_EMBED_SWIFT_STANDARD_LIBRARIES = YES;
				CODE_SIGN_STYLE = Automatic;
				CURRENT_PROJECT_VERSION = 1;
				DEVELOPMENT_TEAM = 368CA38745;
				GENERATE_INFOPLIST_FILE = YES;
				MARKETING_VERSION = 1.0;
				PRODUCT_BUNDLE_IDENTIFIER = ocltp.RxReminderUITests;
				PRODUCT_NAME = "$(TARGET_NAME)";
				SWIFT_EMIT_LOC_STRINGS = NO;
				SWIFT_VERSION = 5.0;
				TARGETED_DEVICE_FAMILY = "1,2";
				TEST_TARGET_NAME = RxReminder;
			};
			name = Release;
		};
/* End XCBuildConfiguration section */

/* Begin XCConfigurationList section */
		8AF03E26288FDDEF00C77DA1 /* Build configuration list for PBXProject "RxReminder" */ = {
			isa = XCConfigurationList;
			buildConfigurations = (
				8AF03E53288FDDF000C77DA1 /* Debug */,
				8AF03E54288FDDF000C77DA1 /* Release */,
			);
			defaultConfigurationIsVisible = 0;
			defaultConfigurationName = Release;
		};
		8AF03E55288FDDF000C77DA1 /* Build configuration list for PBXNativeTarget "RxReminder" */ = {
			isa = XCConfigurationList;
			buildConfigurations = (
				8AF03E56288FDDF000C77DA1 /* Debug */,
				8AF03E57288FDDF000C77DA1 /* Release */,
			);
			defaultConfigurationIsVisible = 0;
			defaultConfigurationName = Release;
		};
		8AF03E58288FDDF000C77DA1 /* Build configuration list for PBXNativeTarget "RxReminderTests" */ = {
			isa = XCConfigurationList;
			buildConfigurations = (
				8AF03E59288FDDF000C77DA1 /* Debug */,
				8AF03E5A288FDDF000C77DA1 /* Release */,
			);
			defaultConfigurationIsVisible = 0;
			defaultConfigurationName = Release;
		};
		8AF03E5B288FDDF000C77DA1 /* Build configuration list for PBXNativeTarget "RxReminderUITests" */ = {
			isa = XCConfigurationList;
			buildConfigurations = (
				8AF03E5C288FDDF000C77DA1 /* Debug */,
				8AF03E5D288FDDF000C77DA1 /* Release */,
			);
			defaultConfigurationIsVisible = 0;
			defaultConfigurationName = Release;
		};
/* End XCConfigurationList section */
	};
	rootObject = 8AF03E23288FDDEF00C77DA1 /* Project object */;
}
